{
  "name": "blueriq-material",
  "version": "0.0.0",
  "lockfileVersion": 1,
  "requires": true,
  "dependencies": {
    "ng-pick-datetime": {
      "version": "6.0.5",
      "resolved": "https://artifactory.blueriq.com/artifactory/api/npm/yarn/ng-pick-datetime/-/ng-pick-datetime-6.0.5.tgz?dl=https://registry.npmjs.org/ng-pick-datetime/-/ng-pick-datetime-6.0.5.tgz",
      "integrity": "sha1-awMA/I3CVEqYEVeltc5KFeyvtQs="
    },
    "ng-pick-datetime-moment": {
      "version": "1.0.6",
      "resolved": "https://artifactory.blueriq.com/artifactory/api/npm/yarn/ng-pick-datetime-moment/-/ng-pick-datetime-moment-1.0.6.tgz?dl=https://registry.npmjs.org/ng-pick-datetime-moment/-/ng-pick-datetime-moment-1.0.6.tgz",
      "integrity": "sha1-2Ikuj0+4b7g1sCKScIDpQA9vcfE="
    }
  }
}
